github.com/go-sql-driver/mysql v1.5.1-0.20210202043019-fe2230a8b20c h1:yUT3Ygm3yXBD2qLPxYRDBcnEz0MHgQ4TJ/87C/wKnWA=
github.com/go-sql-driver/mysql v1.5.1-0.20210202043019-fe2230a8b20c/go.mod h1:DCzpHaOWr8IXmIStZouvnhqoel9Qv2LBy8hT2VhHyBg=
github.com/kylelemons/go-gypsy v1.0.0 h1:7/wQ7A3UL1bnqRMnZ6T8cwCOArfZCxFmb1iTxaOOo1s=
github.com/kylelemons/go-gypsy v1.0.0/go.mod h1:chkXM0zjdpXOiqkCW1XcCHDfjfk14PH2KKkQWxfJUcU=
github.com/lib/pq v1.10.0 h1:Zx5DJFEYQXio93kgXnQ09fXNiUKsqv4OUEu2UtGcB1E=
github.com/lib/pq v1.10.0/go.mod h1:AlVN5x4E4T544tWzH6hKfbfQvm3HdbOxrmggDNAPY9o=
github.com/mattn/go-sqlite3 v1.14.7-0.20210218183441-ab91e9342b02 h1:mjzIuWEUptkjmwDxkIkBbP+rcfnd0negVDI86YWgFuI=
github.com/mattn/go-sqlite3 v1.14.7-0.20210218183441-ab91e9342b02/go.mod h1:NyWgC/yNuGj7Q9rpYnZvas74GogHl5/Z4A/KQRfk6bU=
github.com/ziutek/mymysql v1.5.5-0.20190313103353-adcfec29206e h1:ufngc/k9jEUisrz3d6kzyKQxxwTsJYZ8Pb0fod6jpWg=
github.com/ziutek/mymysql v1.5.5-0.20190313103353-adcfec29206e/go.mod h1:LMSpPZ6DbqWFxNCHW77HeMg9I646SAhApZ/wKdgO/C0=
