# This file is autogenerated, do not edit; changes may be undone by the next 'dep ensure'.


[[projects]]
  branch = "master"
  digest = "1:1a426308b89b1721d4e70f9b6214e9be1e6716f1c81ca821f72781f2abeaaa6b"
  name = "github.com/go-sql-driver/mysql"
  packages = ["."]
  pruneopts = "UT"
  revision = "73dc904a9ece5c074295a77abb7a135797a351bf"

[[projects]]
  branch = "master"
  digest = "1:c1046169c43b3993cf00edc6fd4a85472badea8497010f883fa7008802d55389"
  name = "github.com/kylelemons/go-gypsy"
  packages = ["yaml"]
  pruneopts = "UT"
  revision = "08cad365cd28a7fba23bb1e57aa43c5e18ad8bb8"

[[projects]]
  branch = "master"
  digest = "1:d27eedd7296593e6ea74aed67aa0d04d97305c860209b0d4996a8aa2eac7fd0b"
  name = "github.com/lib/pq"
  packages = [
    ".",
    "oid",
    "scram",
  ]
  pruneopts = "UT"
  revision = "e7751f584844fbf92a5a18b13a0af1c855e34460"

[[projects]]
  branch = "master"
  digest = "1:49ff64d5ec663dbe89ceade24e94db9cae8cfede33f4cd833676c9bd3783fa09"
  name = "github.com/mattn/go-sqlite3"
  packages = ["."]
  pruneopts = "UT"
  revision = "4c2df3cc4614a8001c1afdebcbda0fcf6e045719"

[[projects]]
  branch = "master"
  digest = "1:2e3d387b408153bc6423b6b17597418365158f739c7fa701867fc91816a264c5"
  name = "github.com/ziutek/mymysql"
  packages = [
    "godrv",
    "mysql",
    "native",
  ]
  pruneopts = "UT"
  revision = "adcfec29206e9f557b2873e46797cc7ceafc81ec"

[solve-meta]
  analyzer-name = "dep"
  analyzer-version = 1
  input-imports = [
    "github.com/go-sql-driver/mysql",
    "github.com/kylelemons/go-gypsy/yaml",
    "github.com/lib/pq",
    "github.com/mattn/go-sqlite3",
    "github.com/ziutek/mymysql/godrv",
  ]
  solver-name = "gps-cdcl"
  solver-version = 1
