# This file is autogenerated, do not edit; changes may be undone by the next 'dep ensure'.


[[projects]]
  branch = "master"
  digest = "1:43af1a4fe9d8ff13761bcd89534690f8637692f5f466393b5babfdd9ee01c6a9"
  name = "github.com/go-sql-driver/mysql"
  packages = ["."]
  pruneopts = "UT"
  revision = "12508c83901b1a418e3dea51850f956f32506f4e"

[[projects]]
  branch = "master"
  digest = "1:c1046169c43b3993cf00edc6fd4a85472badea8497010f883fa7008802d55389"
  name = "github.com/kylelemons/go-gypsy"
  packages = ["yaml"]
  pruneopts = "UT"
  revision = "08cad365cd28a7fba23bb1e57aa43c5e18ad8bb8"

[[projects]]
  branch = "master"
  digest = "1:cbcf3bea501927a3f43f51186a944a9d68a258e364e69b6e7279d29c0f37a787"
  name = "github.com/lib/pq"
  packages = [
    ".",
    "oid",
    "scram",
  ]
  pruneopts = "UT"
  revision = "bd4ec23c4e78fe8d3f450b1ba03a94dc817cae33"

[[projects]]
  branch = "master"
  digest = "1:5eece2bc660110c2c1057459ccdb6a4683542b61f325810a905e7815aa03791a"
  name = "github.com/mattn/go-sqlite3"
  packages = ["."]
  pruneopts = "UT"
  revision = "aa77c03e2fcb7ed283920d09a0fb6b873488b5be"

[[projects]]
  branch = "master"
  digest = "1:2e3d387b408153bc6423b6b17597418365158f739c7fa701867fc91816a264c5"
  name = "github.com/ziutek/mymysql"
  packages = [
    "godrv",
    "mysql",
    "native",
  ]
  pruneopts = "UT"
  revision = "adcfec29206e9f557b2873e46797cc7ceafc81ec"

[solve-meta]
  analyzer-name = "dep"
  analyzer-version = 1
  input-imports = [
    "github.com/go-sql-driver/mysql",
    "github.com/kylelemons/go-gypsy/yaml",
    "github.com/lib/pq",
    "github.com/mattn/go-sqlite3",
    "github.com/ziutek/mymysql/godrv",
  ]
  solver-name = "gps-cdcl"
  solver-version = 1
