# This file is autogenerated, do not edit; changes may be undone by the next 'dep ensure'.


[[projects]]
  branch = "master"
  digest = "1:783d985ffb1affe60a210e8620e25a8cd41475940ce19a3a7bab25c795b899fe"
  name = "github.com/go-sql-driver/mysql"
  packages = ["."]
  pruneopts = "UT"
  revision = "877a9775f06853f611fb2d4e817d92479242d1cd"

[[projects]]
  branch = "master"
  digest = "1:c1046169c43b3993cf00edc6fd4a85472badea8497010f883fa7008802d55389"
  name = "github.com/kylelemons/go-gypsy"
  packages = ["yaml"]
  pruneopts = "UT"
  revision = "08cad365cd28a7fba23bb1e57aa43c5e18ad8bb8"

[[projects]]
  branch = "master"
  digest = "1:ee780c2838219eedc4146248ddf9b82bb6a4a344425ee1aeb9f0d6eb8435614d"
  name = "github.com/lib/pq"
  packages = [
    ".",
    "oid",
    "scram",
  ]
  pruneopts = "UT"
  revision = "78223426e7c66d631117c0a9da1b7f3fde4d23a5"

[[projects]]
  branch = "master"
  digest = "1:58ae77773435c047bdf81309c148f347699050392996c3d9c3d4737033524144"
  name = "github.com/mattn/go-sqlite3"
  packages = ["."]
  pruneopts = "UT"
  revision = "d3c690956bde8789300d0dd7e868189cb88cf6ad"

[[projects]]
  branch = "master"
  digest = "1:2e3d387b408153bc6423b6b17597418365158f739c7fa701867fc91816a264c5"
  name = "github.com/ziutek/mymysql"
  packages = [
    "godrv",
    "mysql",
    "native",
  ]
  pruneopts = "UT"
  revision = "adcfec29206e9f557b2873e46797cc7ceafc81ec"

[[projects]]
  digest = "1:c25289f43ac4a68d88b02245742347c94f1e108c534dda442188015ff80669b3"
  name = "google.golang.org/appengine"
  packages = ["cloudsql"]
  pruneopts = "UT"
  revision = "4a4468ece617fc8205e99368fa2200e9d1fad421"
  version = "v1.3.0"

[solve-meta]
  analyzer-name = "dep"
  analyzer-version = 1
  input-imports = [
    "github.com/go-sql-driver/mysql",
    "github.com/kylelemons/go-gypsy/yaml",
    "github.com/lib/pq",
    "github.com/mattn/go-sqlite3",
    "github.com/ziutek/mymysql/godrv",
  ]
  solver-name = "gps-cdcl"
  solver-version = 1
